// !$*UTF8*$!
{
	archiveVersion = 1;
	classes = {
	};
	objectVersion = 46;
	objects = {

/* Begin PBXBuildFile section */
		63C598701D24465900411A6B /* AppDelegate.m in Sources */ = {isa = PBXBuildFile; fileRef = 63C5986F1D24465900411A6B /* AppDelegate.m */; };
		63C598731D24465900411A6B /* main.m in Sources */ = {isa = PBXBuildFile; fileRef = 63C598721D24465900411A6B /* main.m */; };
		63C598751D24465900411A6B /* Assets.xcassets in Resources */ = {isa = PBXBuildFile; fileRef = 63C598741D24465900411A6B /* Assets.xcassets */; };
		63C598781D24465A00411A6B /* MainMenu.xib in Resources */ = {isa = PBXBuildFile; fileRef = 63C598761D24465A00411A6B /* MainMenu.xib */; };
		63C598831D24465A00411A6B /* FPSTesterTests.m in Sources */ = {isa = PBXBuildFile; fileRef = 63C598821D24465A00411A6B /* FPSTesterTests.m */; };
		63C5988E1D24465A00411A6B /* FPSTesterUITests.m in Sources */ = {isa = PBXBuildFile; fileRef = 63C5988D1D24465A00411A6B /* FPSTesterUITests.m */; };
/* End PBXBuildFile section */

/* Begin PBXContainerItemProxy section */
		63C5987F1D24465A00411A6B /* PBXContainerItemProxy */ = {
			isa = PBXContainerItemProxy;
			containerPortal = 63C598631D24465900411A6B /* Project object */;
			proxyType = 1;
			remoteGlobalIDString = 63C5986A1D24465900411A6B;
			remoteInfo = FPSTester;
		};
		63C5988A1D24465A00411A6B /* PBXContainerItemProxy */ = {
			isa = PBXContainerItemProxy;
			containerPortal = 63C598631D24465900411A6B /* Project object */;
			proxyType = 1;
			remoteGlobalIDString = 63C5986A1D24465900411A6B;
			remoteInfo = FPSTester;
		};
/* End PBXContainerItemProxy section */

/* Begin PBXFileReference section */
		63C5986B1D24465900411A6B /* FPSTester.app */ = {isa = PBXFileReference; explicitFileType = wrapper.application; includeInIndex = 0; path = FPSTester.app; sourceTree = BUILT_PRODUCTS_DIR; };
		63C5986E1D24465900411A6B /* AppDelegate.h */ = {isa = PBXFileReference; lastKnownFileType = sourcecode.c.h; path = AppDelegate.h; sourceTree = "<group>"; };
		63C5986F1D24465900411A6B /* AppDelegate.m */ = {isa = PBXFileReference; lastKnownFileType = sourcecode.c.objc; path = AppDelegate.m; sourceTree = "<group>"; };
		63C598721D24465900411A6B /* main.m */ = {isa = PBXFileReference; lastKnownFileType = sourcecode.c.objc; path = main.m; sourceTree = "<group>"; };
		63C598741D24465900411A6B /* Assets.xcassets */ = {isa = PBXFileReference; lastKnownFileType = folder.assetcatalog; path = Assets.xcassets; sourceTree = "<group>"; };
		63C598771D24465A00411A6B /* Base */ = {isa = PBXFileReference; lastKnownFileType = file.xib; name = Base; path = Base.lproj/MainMenu.xib; sourceTree = "<group>"; };
		63C598791D24465A00411A6B /* Info.plist */ = {isa = PBXFileReference; lastKnownFileType = text.plist.xml; path = Info.plist; sourceTree = "<group>"; };
		63C5987E1D24465A00411A6B /* FPSTesterTests.xctest */ = {isa = PBXFileReference; explicitFileType = wrapper.cfbundle; includeInIndex = 0; path = FPSTesterTests.xctest; sourceTree = BUILT_PRODUCTS_DIR; };
		63C598821D24465A00411A6B /* FPSTesterTests.m */ = {isa = PBXFileReference; lastKnownFileType = sourcecode.c.objc; path = FPSTesterTests.m; sourceTree = "<group>"; };
		63C598841D24465A00411A6B /* Info.plist */ = {isa = PBXFileReference; lastKnownFileType = text.plist.xml; path = Info.plist; sourceTree = "<group>"; };
		63C598891D24465A00411A6B /* FPSTesterUITests.xctest */ = {isa = PBXFileReference; explicitFileType = wrapper.cfbundle; includeInIndex = 0; path = FPSTesterUITests.xctest; sourceTree = BUILT_PRODUCTS_DIR; };
		63C5988D1D24465A00411A6B /* FPSTesterUITests.m */ = {isa = PBXFileReference; lastKnownFileType = sourcecode.c.objc; path = FPSTesterUITests.m; sourceTree = "<group>"; };
		63C5988F1D24465A00411A6B /* Info.plist */ = {isa = PBXFileReference; lastKnownFileType = text.plist.xml; path = Info.plist; sourceTree = "<group>"; };
/* End PBXFileReference section */

/* Begin PBXFrameworksBuildPhase section */
		63C598681D24465900411A6B /* Frameworks */ = {
			isa = PBXFrameworksBuildPhase;
			buildActionMask = 2147483647;
			files = (
			);
			runOnlyForDeploymentPostprocessing = 0;
		};
		63C5987B1D24465A00411A6B /* Frameworks */ = {
			isa = PBXFrameworksBuildPhase;
			buildActionMask = 2147483647;
			files = (
			);
			runOnlyForDeploymentPostprocessing = 0;
		};
		63C598861D24465A00411A6B /* Frameworks */ = {
			isa = PBXFrameworksBuildPhase;
			buildActionMask = 2147483647;
			files = (
			);
			runOnlyForDeploymentPostprocessing = 0;
		};
/* End PBXFrameworksBuildPhase section */

/* Begin PBXGroup section */
		63C598621D24465900411A6B = {
			isa = PBXGroup;
			children = (
				63C5986D1D24465900411A6B /* FPSTester */,
				63C598811D24465A00411A6B /* FPSTesterTests */,
				63C5988C1D24465A00411A6B /* FPSTesterUITests */,
				63C5986C1D24465900411A6B /* Products */,
			);
			sourceTree = "<group>";
		};
		63C5986C1D24465900411A6B /* Products */ = {
			isa = PBXGroup;
			children = (
				63C5986B1D24465900411A6B /* FPSTester.app */,
				63C5987E1D24465A00411A6B /* FPSTesterTests.xctest */,
				63C598891D24465A00411A6B /* FPSTesterUITests.xctest */,
			);
			name = Products;
			sourceTree = "<group>";
		};
		63C5986D1D24465900411A6B /* FPSTester */ = {
			isa = PBXGroup;
			children = (
				63C5986E1D24465900411A6B /* AppDelegate.h */,
				63C5986F1D24465900411A6B /* AppDelegate.m */,
				63C598741D24465900411A6B /* Assets.xcassets */,
				63C598761D24465A00411A6B /* MainMenu.xib */,
				63C598791D24465A00411A6B /* Info.plist */,
				63C598711D24465900411A6B /* Supporting Files */,
			);
			path = FPSTester;
			sourceTree = "<group>";
		};
		63C598711D24465900411A6B /* Supporting Files */ = {
			isa = PBXGroup;
			children = (
				63C598721D24465900411A6B /* main.m */,
			);
			name = "Supporting Files";
			sourceTree = "<group>";
		};
		63C598811D24465A00411A6B /* FPSTesterTests */ = {
			isa = PBXGroup;
			children = (
				63C598821D24465A00411A6B /* FPSTesterTests.m */,
				63C598841D24465A00411A6B /* Info.plist */,
			);
			path = FPSTesterTests;
			sourceTree = "<group>";
		};
		63C5988C1D24465A00411A6B /* FPSTesterUITests */ = {
			isa = PBXGroup;
			children = (
				63C5988D1D24465A00411A6B /* FPSTesterUITests.m */,
				63C5988F1D24465A00411A6B /* Info.plist */,
			);
			path = FPSTesterUITests;
			sourceTree = "<group>";
		};
/* End PBXGroup section */

/* Begin PBXNativeTarget section */
		63C5986A1D24465900411A6B /* FPSTester */ = {
			isa = PBXNativeTarget;
			buildConfigurationList = 63C598921D24465A00411A6B /* Build configuration list for PBXNativeTarget "FPSTester" */;
			buildPhases = (
				63C598671D24465900411A6B /* Sources */,
				63C598681D24465900411A6B /* Frameworks */,
				63C598691D24465900411A6B /* Resources */,
			);
			buildRules = (
			);
			dependencies = (
			);
			name = FPSTester;
			productName = FPSTester;
			productReference = 63C5986B1D24465900411A6B /* FPSTester.app */;
			productType = "com.apple.product-type.application";
		};
		63C5987D1D24465A00411A6B /* FPSTesterTests */ = {
			isa = PBXNativeTarget;
			buildConfigurationList = 63C598951D24465A00411A6B /* Build configuration list for PBXNativeTarget "FPSTesterTests" */;
			buildPhases = (
				63C5987A1D24465A00411A6B /* Sources */,
				63C5987B1D24465A00411A6B /* Frameworks */,
				63C5987C1D24465A00411A6B /* Resources */,
			);
			buildRules = (
			);
			dependencies = (
				63C598801D24465A00411A6B /* PBXTargetDependency */,
			);
			name = FPSTesterTests;
			productName = FPSTesterTests;
			productReference = 63C5987E1D24465A00411A6B /* FPSTesterTests.xctest */;
			productType = "com.apple.product-type.bundle.unit-test";
		};
		63C598881D24465A00411A6B /* FPSTesterUITests */ = {
			isa = PBXNativeTarget;
			buildConfigurationList = 63C598981D24465A00411A6B /* Build configuration list for PBXNativeTarget "FPSTesterUITests" */;
			buildPhases = (
				63C598851D24465A00411A6B /* Sources */,
				63C598861D24465A00411A6B /* Frameworks */,
				63C598871D24465A00411A6B /* Resources */,
			);
			buildRules = (
			);
			dependencies = (
				63C5988B1D24465A00411A6B /* PBXTargetDependency */,
			);
			name = FPSTesterUITests;
			productName = FPSTesterUITests;
			productReference = 63C598891D24465A00411A6B /* FPSTesterUITests.xctest */;
			productType = "com.apple.product-type.bundle.ui-testing";
		};
/* End PBXNativeTarget section */

/* Begin PBXProject section */
		63C598631D24465900411A6B /* Project object */ = {
			isa = PBXProject;
			attributes = {
				LastUpgradeCheck = 0730;
				ORGANIZATIONNAME = "David Hodge";
				TargetAttributes = {
					63C5986A1D24465900411A6B = {
						CreatedOnToolsVersion = 7.3.1;
					};
					63C5987D1D24465A00411A6B = {
						CreatedOnToolsVersion = 7.3.1;
						TestTargetID = 63C5986A1D24465900411A6B;
					};
					63C598881D24465A00411A6B = {
						CreatedOnToolsVersion = 7.3.1;
						TestTargetID = 63C5986A1D24465900411A6B;
					};
				};
			};
			buildConfigurationList = 63C598661D24465900411A6B /* Build configuration list for PBXProject "FPSTester" */;
			compatibilityVersion = "Xcode 3.2";
			developmentRegion = English;
			hasScannedForEncodings = 0;
			knownRegions = (
				en,
				Base,
			);
			mainGroup = 63C598621D24465900411A6B;
			productRefGroup = 63C5986C1D24465900411A6B /* Products */;
			projectDirPath = "";
			projectRoot = "";
			targets = (
				63C5986A1D24465900411A6B /* FPSTester */,
				63C5987D1D24465A00411A6B /* FPSTesterTests */,
				63C598881D24465A00411A6B /* FPSTesterUITests */,
			);
		};
/* End PBXProject section */

/* Begin PBXResourcesBuildPhase section */
		63C598691D24465900411A6B /* Resources */ = {
			isa = PBXResourcesBuildPhase;
			buildActionMask = 2147483647;
			files = (
				63C598751D24465900411A6B /* Assets.xcassets in Resources */,
				63C598781D24465A00411A6B /* MainMenu.xib in Resources */,
			);
			runOnlyForDeploymentPostprocessing = 0;
		};
		63C5987C1D24465A00411A6B /* Resources */ = {
			isa = PBXResourcesBuildPhase;
			buildActionMask = 2147483647;
			files = (
			);
			runOnlyForDeploymentPostprocessing = 0;
		};
		63C598871D24465A00411A6B /* Resources */ = {
			isa = PBXResourcesBuildPhase;
			buildActionMask = 2147483647;
			files = (
			);
			runOnlyForDeploymentPostprocessing = 0;
		};
/* End PBXResourcesBuildPhase section */

/* Begin PBXSourcesBuildPhase section */
		63C598671D24465900411A6B /* Sources */ = {
			isa = PBXSourcesBuildPhase;
			buildActionMask = 2147483647;
			files = (
				63C598731D24465900411A6B /* main.m in Sources */,
				63C598701D24465900411A6B /* AppDelegate.m in Sources */,
			);
			runOnlyForDeploymentPostprocessing = 0;
		};
		63C5987A1D24465A00411A6B /* Sources */ = {
			isa = PBXSourcesBuildPhase;
			buildActionMask = 2147483647;
			files = (
				63C598831D24465A00411A6B /* FPSTesterTests.m in Sources */,
			);
			runOnlyForDeploymentPostprocessing = 0;
		};
		63C598851D24465A00411A6B /* Sources */ = {
			isa = PBXSourcesBuildPhase;
			buildActionMask = 2147483647;
			files = (
				63C5988E1D24465A00411A6B /* FPSTesterUITests.m in Sources */,
			);
			runOnlyForDeploymentPostprocessing = 0;
		};
/* End PBXSourcesBuildPhase section */

/* Begin PBXTargetDependency section */
		63C598801D24465A00411A6B /* PBXTargetDependency */ = {
			isa = PBXTargetDependency;
			target = 63C5986A1D24465900411A6B /* FPSTester */;
			targetProxy = 63C5987F1D24465A00411A6B /* PBXContainerItemProxy */;
		};
		63C5988B1D24465A00411A6B /* PBXTargetDependency */ = {
			isa = PBXTargetDependency;
			target = 63C5986A1D24465900411A6B /* FPSTester */;
			targetProxy = 63C5988A1D24465A00411A6B /* PBXContainerItemProxy */;
		};
/* End PBXTargetDependency section */

/* Begin PBXVariantGroup section */
		63C598761D24465A00411A6B /* MainMenu.xib */ = {
			isa = PBXVariantGroup;
			children = (
				63C598771D24465A00411A6B /* Base */,
			);
			name = MainMenu.xib;
			sourceTree = "<group>";
		};
/* End PBXVariantGroup section */

/* Begin XCBuildConfiguration section */
		63C598901D24465A00411A6B /* Debug */ = {
			isa = XCBuildConfiguration;
			buildSettings = {
				ALWAYS_SEARCH_USER_PATHS = NO;
				CLANG_ANALYZER_NONNULL = YES;
				CLANG_CXX_LANGUAGE_STANDARD = "gnu++0x";
				CLANG_CXX_LIBRARY = "libc++";
				CLANG_ENABLE_MODULES = YES;
				CLANG_ENABLE_OBJC_ARC = YES;
				CLANG_WARN_BOOL_CONVERSION = YES;
				CLANG_WARN_CONSTANT_CONVERSION = YES;
				CLANG_WARN_DIRECT_OBJC_ISA_USAGE = YES_ERROR;
				CLANG_WARN_EMPTY_BODY = YES;
				CLANG_WARN_ENUM_CONVERSION = YES;
				CLANG_WARN_INT_CONVERSION = YES;
				CLANG_WARN_OBJC_ROOT_CLASS = YES_ERROR;
				CLANG_WARN_UNREACHABLE_CODE = YES;
				CLANG_WARN__DUPLICATE_METHOD_MATCH = YES;
				CODE_SIGN_IDENTITY = "-";
				COPY_PHASE_STRIP = NO;
				DEBUG_INFORMATION_FORMAT = dwarf;
				ENABLE_STRICT_OBJC_MSGSEND = YES;
				ENABLE_TESTABILITY = YES;
				GCC_C_LANGUAGE_STANDARD = gnu99;
				GCC_DYNAMIC_NO_PIC = NO;
				GCC_NO_COMMON_BLOCKS = YES;
				GCC_OPTIMIZATION_LEVEL = 0;
				GCC_PREPROCESSOR_DEFINITIONS = (
					"DEBUG=1",
					"$(inherited)",
				);
				GCC_WARN_64_TO_32_BIT_CONVERSION = YES;
				GCC_WARN_ABOUT_RETURN_TYPE = YES_ERROR;
				GCC_WARN_UNDECLARED_SELECTOR = YES;
				GCC_WARN_UNINITIALIZED_AUTOS = YES_AGGRESSIVE;
				GCC_WARN_UNUSED_FUNCTION = YES;
				GCC_WARN_UNUSED_VARIABLE = YES;
				MACOSX_DEPLOYMENT_TARGET = 10.11;
				MTL_ENABLE_DEBUG_INFO = YES;
				ONLY_ACTIVE_ARCH = YES;
				SDKROOT = macosx;
			};
			name = Debug;
		};
		63C598911D24465A00411A6B /* Release */ = {
			isa = XCBuildConfiguration;
			buildSettings = {
				ALWAYS_SEARCH_USER_PATHS = NO;
				CLANG_ANALYZER_NONNULL = YES;
				CLANG_CXX_LANGUAGE_STANDARD = "gnu++0x";
				CLANG_CXX_LIBRARY = "libc++";
				CLANG_ENABLE_MODULES = YES;
				CLANG_ENABLE_OBJC_ARC = YES;
				CLANG_WARN_BOOL_CONVERSION = YES;
				CLANG_WARN_CONSTANT_CONVERSION = YES;
				CLANG_WARN_DIRECT_OBJC_ISA_USAGE = YES_ERROR;
				CLANG_WARN_EMPTY_BODY = YES;
				CLANG_WARN_ENUM_CONVERSION = YES;
				CLANG_WARN_INT_CONVERSION = YES;
				CLANG_WARN_OBJC_ROOT_CLASS = YES_ERROR;
				CLANG_WARN_UNREACHABLE_CODE = YES;
				CLANG_WARN__DUPLICATE_METHOD_MATCH = YES;
				CODE_SIGN_IDENTITY = "-";
				COPY_PHASE_STRIP = NO;
				DEBUG_INFORMATION_FORMAT = "dwarf-with-dsym";
				ENABLE_NS_ASSERTIONS = NO;
				ENABLE_STRICT_OBJC_MSGSEND = YES;
				GCC_C_LANGUAGE_STANDARD = gnu99;
				GCC_NO_COMMON_BLOCKS = YES;
				GCC_WARN_64_TO_32_BIT_CONVERSION = YES;
				GCC_WARN_ABOUT_RETURN_TYPE = YES_ERROR;
				GCC_WARN_UNDECLARED_SELECTOR = YES;
				GCC_WARN_UNINITIALIZED_AUTOS = YES_AGGRESSIVE;
				GCC_WARN_UNUSED_FUNCTION = YES;
				GCC_WARN_UNUSED_VARIABLE = YES;
				MACOSX_DEPLOYMENT_TARGET = 10.11;
				MTL_ENABLE_DEBUG_INFO = NO;
				SDKROOT = macosx;
			};
			name = Release;
		};
		63C598931D24465A00411A6B /* Debug */ = {
			isa = XCBuildConfiguration;
			buildSettings = {
				ASSETCATALOG_COMPILER_APPICON_NAME = AppIcon;
				COMBINE_HIDPI_IMAGES = YES;
				INFOPLIST_FILE = FPSTester/Info.plist;
				LD_RUNPATH_SEARCH_PATHS = "$(inherited) @executable_path/../Frameworks";
				PRODUCT_BUNDLE_IDENTIFIER = net.davidhodge.FPSTester;
				PRODUCT_NAME = "$(TARGET_NAME)";
			};
			name = Debug;
		};
		63C598941D24465A00411A6B /* Release */ = {
			isa = XCBuildConfiguration;
			buildSettings = {
				ASSETCATALOG_COMPILER_APPICON_NAME = AppIcon;
				COMBINE_HIDPI_IMAGES = YES;
				INFOPLIST_FILE = FPSTester/Info.plist;
				LD_RUNPATH_SEARCH_PATHS = "$(inherited) @executable_path/../Frameworks";
				PRODUCT_BUNDLE_IDENTIFIER = net.davidhodge.FPSTester;
				PRODUCT_NAME = "$(TARGET_NAME)";
			};
			name = Release;
		};
		63C598961D24465A00411A6B /* Debug */ = {
			isa = XCBuildConfiguration;
			buildSettings = {
				BUNDLE_LOADER = "$(TEST_HOST)";
				COMBINE_HIDPI_IMAGES = YES;
				INFOPLIST_FILE = FPSTesterTests/Info.plist;
				LD_RUNPATH_SEARCH_PATHS = "$(inherited) @executable_path/../Frameworks @loader_path/../Frameworks";
				PRODUCT_BUNDLE_IDENTIFIER = net.davidhodge.FPSTesterTests;
				PRODUCT_NAME = "$(TARGET_NAME)";
				TEST_HOST = "$(BUILT_PRODUCTS_DIR)/FPSTester.app/Contents/MacOS/FPSTester";
			};
			name = Debug;
		};
		63C598971D24465A00411A6B /* Release */ = {
			isa = XCBuildConfiguration;
			buildSettings = {
				BUNDLE_LOADER = "$(TEST_HOST)";
				COMBINE_HIDPI_IMAGES = YES;
				INFOPLIST_FILE = FPSTesterTests/Info.plist;
				LD_RUNPATH_SEARCH_PATHS = "$(inherited) @executable_path/../Frameworks @loader_path/../Frameworks";
				PRODUCT_BUNDLE_IDENTIFIER = net.davidhodge.FPSTesterTests;
				PRODUCT_NAME = "$(TARGET_NAME)";
				TEST_HOST = "$(BUILT_PRODUCTS_DIR)/FPSTester.app/Contents/MacOS/FPSTester";
			};
			name = Release;
		};
		63C598991D24465A00411A6B /* Debug */ = {
			isa = XCBuildConfiguration;
			buildSettings = {
				COMBINE_HIDPI_IMAGES = YES;
				INFOPLIST_FILE = FPSTesterUITests/Info.plist;
				LD_RUNPATH_SEARCH_PATHS = "$(inherited) @executable_path/../Frameworks @loader_path/../Frameworks";
				PRODUCT_BUNDLE_IDENTIFIER = net.davidhodge.FPSTesterUITests;
				PRODUCT_NAME = "$(TARGET_NAME)";
				TEST_TARGET_NAME = FPSTester;
			};
			name = Debug;
		};
		63C5989A1D24465A00411A6B /* Release */ = {
			isa = XCBuildConfiguration;
			buildSettings = {
				COMBINE_HIDPI_IMAGES = YES;
				INFOPLIST_FILE = FPSTesterUITests/Info.plist;
				LD_RUNPATH_SEARCH_PATHS = "$(inherited) @executable_path/../Frameworks @loader_path/../Frameworks";
				PRODUCT_BUNDLE_IDENTIFIER = net.davidhodge.FPSTesterUITests;
				PRODUCT_NAME = "$(TARGET_NAME)";
				TEST_TARGET_NAME = FPSTester;
			};
			name = Release;
		};
/* End XCBuildConfiguration section */

/* Begin XCConfigurationList section */
		63C598661D24465900411A6B /* Build configuration list for PBXProject "FPSTester" */ = {
			isa = XCConfigurationList;
			buildConfigurations = (
				63C598901D24465A00411A6B /* Debug */,
				63C598911D24465A00411A6B /* Release */,
			);
			defaultConfigurationIsVisible = 0;
			defaultConfigurationName = Release;
		};
		63C598921D24465A00411A6B /* Build configuration list for PBXNativeTarget "FPSTester" */ = {
			isa = XCConfigurationList;
			buildConfigurations = (
				63C598931D24465A00411A6B /* Debug */,
				63C598941D24465A00411A6B /* Release */,
			);
			defaultConfigurationIsVisible = 0;
		};
		63C598951D24465A00411A6B /* Build configuration list for PBXNativeTarget "FPSTesterTests" */ = {
			isa = XCConfigurationList;
			buildConfigurations = (
				63C598961D24465A00411A6B /* Debug */,
				63C598971D24465A00411A6B /* Release */,
			);
			defaultConfigurationIsVisible = 0;
		};
		63C598981D24465A00411A6B /* Build configuration list for PBXNativeTarget "FPSTesterUITests" */ = {
			isa = XCConfigurationList;
			buildConfigurations = (
				63C598991D24465A00411A6B /* Debug */,
				63C5989A1D24465A00411A6B /* Release */,
			);
			defaultConfigurationIsVisible = 0;
		};
/* End XCConfigurationList section */
	};
	rootObject = 63C598631D24465900411A6B /* Project object */;
}
